
Microsoft Visual Studio Solution File, Format Version 12.00
# Visual Studio Version 16
VisualStudioVersion = 16.0.29424.173
MinimumVisualStudioVersion = 10.0.40219.1
Project("{FAE04EC0-301F-11D3-BF4B-00C04F79EFBC}") = "Elasticsearch_demo", "Elasticsearch_demo\Elasticsearch_demo.csproj", "{71BCCD7C-5FE9-41E9-AD36-525DAB779AFE}"
EndProject
Global
	GlobalSection(SolutionConfigurationPlatforms) = preSolution
		Debug|Any CPU = Debug|Any CPU
		Release|Any CPU = Release|Any CPU
	EndGlobalSection
	GlobalSection(ProjectConfigurationPlatforms) = postSolution
		{71BCCD7C-5FE9-41E9-AD36-525DAB779AFE}.Debug|Any CPU.ActiveCfg = Debug|Any CPU
		{71BCCD7C-5FE9-41E9-AD36-525DAB779AFE}.Debug|Any CPU.Build.0 = Debug|Any CPU
		{71BCCD7C-5FE9-41E9-AD36-525DAB779AFE}.Release|Any CPU.ActiveCfg = Release|Any CPU
		{71BCCD7C-5FE9-41E9-AD36-525DAB779AFE}.Release|Any CPU.Build.0 = Release|Any CPU
	EndGlobalSection
	GlobalSection(SolutionProperties) = preSolution
		HideSolutionNode = FALSE
	EndGlobalSection
	GlobalSection(ExtensibilityGlobals) = postSolution
		SolutionGuid = {B8822D6F-3295-4F7E-8552-36C731EE00EB}
	EndGlobalSection
EndGlobal
